// !$*UTF8*$!
{
	archiveVersion = 1;
	classes = {
	};
	objectVersion = 77;
	objects = {

/* Begin PBXBuildFile section */
		0A60ED2C2CD4519400E129BA /* Window.swift in Sources */ = {isa = PBXBuildFile; fileRef = 0A60ED282CD4519400E129BA /* Window.swift */; };
		0A60ED2D2CD4519400E129BA /* Joysticks.swift in Sources */ = {isa = PBXBuildFile; fileRef = 0A60ED122CD4519400E129BA /* Joysticks.swift */; };
		0A60ED2E2CD4519400E129BA /* Texture.swift in Sources */ = {isa = PBXBuildFile; fileRef = 0A60ED1B2CD4519400E129BA /* Texture.swift */; };
		0A60ED2F2CD4519400E129BA /* FileIO.swift in Sources */ = {isa = PBXBuildFile; fileRef = 0A60ED152CD4519400E129BA /* FileIO.swift */; };
		0A60ED302CD4519400E129BA /* App.swift in Sources */ = {isa = PBXBuildFile; fileRef = 0A60ED012CD4519400E129BA /* App.swift */; };
		0A60ED312CD4519400E129BA /* View.swift in Sources */ = {isa = PBXBuildFile; fileRef = 0A60ED032CD4519400E129BA /* View.swift */; };
		0A60ED322CD4519400E129BA /* Pointer.swift in Sources */ = {isa = PBXBuildFile; fileRef = 0A60ED082CD4519400E129BA /* Pointer.swift */; };
		0A60ED332CD4519400E129BA /* SceneAction.swift in Sources */ = {isa = PBXBuildFile; fileRef = 0A60ED1E2CD4519400E129BA /* SceneAction.swift */; };
		0A60ED342CD4519400E129BA /* SDLInit.swift in Sources */ = {isa = PBXBuildFile; fileRef = 0A60ED0A2CD4519400E129BA /* SDLInit.swift */; };
		0A60ED352CD4519400E129BA /* Gamepads.swift in Sources */ = {isa = PBXBuildFile; fileRef = 0A60ED112CD4519400E129BA /* Gamepads.swift */; };
		0A60ED362CD4519400E129BA /* FlipMode.swift in Sources */ = {isa = PBXBuildFile; fileRef = 0A60ED162CD4519400E129BA /* FlipMode.swift */; };
		0A60ED372CD4519400E129BA /* _Exported.swift in Sources */ = {isa = PBXBuildFile; fileRef = 0A60ED2A2CD4519400E129BA /* _Exported.swift */; };
		0A60ED382CD4519400E129BA /* Game.swift in Sources */ = {isa = PBXBuildFile; fileRef = 0A60ED022CD4519400E129BA /* Game.swift */; };
		0A60ED392CD4519400E129BA /* BaseScene.swift in Sources */ = {isa = PBXBuildFile; fileRef = 0A60ED1D2CD4519400E129BA /* BaseScene.swift */; };
		0A60ED3A2CD4519400E129BA /* Properties.swift in Sources */ = {isa = PBXBuildFile; fileRef = 0A60ED092CD4519400E129BA /* Properties.swift */; };
		0A60ED3B2CD4519400E129BA /* IMGInit.swift in Sources */ = {isa = PBXBuildFile; fileRef = 0A60ED0F2CD4519400E129BA /* IMGInit.swift */; };
		0A60ED3C2CD4519400E129BA /* Sensor.swift in Sources */ = {isa = PBXBuildFile; fileRef = 0A60ED132CD4519400E129BA /* Sensor.swift */; };
		0A60ED3D2CD4519400E129BA /* Surface.swift in Sources */ = {isa = PBXBuildFile; fileRef = 0A60ED242CD4519400E129BA /* Surface.swift */; };
		0A60ED3E2CD4519400E129BA /* Error.swift in Sources */ = {isa = PBXBuildFile; fileRef = 0A60ED072CD4519400E129BA /* Error.swift */; };
		0A60ED3F2CD4519400E129BA /* Events.swift in Sources */ = {isa = PBXBuildFile; fileRef = 0A60ED0D2CD4519400E129BA /* Events.swift */; };
		0A60ED402CD4519400E129BA /* Version.swift in Sources */ = {isa = PBXBuildFile; fileRef = 0A60ED0B2CD4519400E129BA /* Version.swift */; };
		0A60ED412CD4519400E129BA /* Renderer.swift in Sources */ = {isa = PBXBuildFile; fileRef = 0A60ED1A2CD4519400E129BA /* Renderer.swift */; };
		0A60ED422CD4519400E129BA /* SpriteNode.swift in Sources */ = {isa = PBXBuildFile; fileRef = 0A60ED202CD4519400E129BA /* SpriteNode.swift */; };
		0A60ED432CD4519400E129BA /* MessageBox.swift in Sources */ = {isa = PBXBuildFile; fileRef = 0A60ED182CD4519400E129BA /* MessageBox.swift */; };
		0A60ED442CD4519400E129BA /* BlendMode.swift in Sources */ = {isa = PBXBuildFile; fileRef = 0A60ED232CD4519400E129BA /* BlendMode.swift */; };
		0A60ED452CD4519400E129BA /* Cameras.swift in Sources */ = {isa = PBXBuildFile; fileRef = 0A60ED262CD4519400E129BA /* Cameras.swift */; };
		0A60ED462CD4519400E129BA /* AudioDevices.swift in Sources */ = {isa = PBXBuildFile; fileRef = 0A60ED052CD4519400E129BA /* AudioDevices.swift */; };
		0A60ED472CD4519400E129BA /* Color.swift in Sources */ = {isa = PBXBuildFile; fileRef = 0A60ED272CD4519400E129BA /* Color.swift */; };
		0A60ED482CD4519400E129BA /* Geometry.swift in Sources */ = {isa = PBXBuildFile; fileRef = 0A60ED172CD4519400E129BA /* Geometry.swift */; };
		0A60ED492CD4519400E129BA /* SceneNode.swift in Sources */ = {isa = PBXBuildFile; fileRef = 0A60ED1F2CD4519400E129BA /* SceneNode.swift */; };
		0ADEFDDC2CD4553A00B32AAA /* ArgumentParser in Frameworks */ = {isa = PBXBuildFile; productRef = 0ADEFDDB2CD4553A00B32AAA /* ArgumentParser */; };
		0ADEFDDF2CD4555000B32AAA /* Collections in Frameworks */ = {isa = PBXBuildFile; productRef = 0ADEFDDE2CD4555000B32AAA /* Collections */; };
		0ADEFDE02CD4572000B32AAA /* SDL3.framework in Frameworks */ = {isa = PBXBuildFile; fileRef = 0ADEFDD72CD4548700B32AAA /* SDL3.framework */; };
		0ADEFDE12CD4572000B32AAA /* SDL3.framework in Embed Frameworks */ = {isa = PBXBuildFile; fileRef = 0ADEFDD72CD4548700B32AAA /* SDL3.framework */; settings = {ATTRIBUTES = (CodeSignOnCopy, RemoveHeadersOnCopy, ); }; };
/* End PBXBuildFile section */

/* Begin PBXCopyFilesBuildPhase section */
		0ADEFDE22CD4572000B32AAA /* Embed Frameworks */ = {
			isa = PBXCopyFilesBuildPhase;
			buildActionMask = 2147483647;
			dstPath = "";
			dstSubfolderSpec = 10;
			files = (
				0ADEFDE12CD4572000B32AAA /* SDL3.framework in Embed Frameworks */,
			);
			name = "Embed Frameworks";
			runOnlyForDeploymentPostprocessing = 0;
		};
/* End PBXCopyFilesBuildPhase section */

/* Begin PBXFileReference section */
		0A60ECEF2CD4514D00E129BA /* SwiftSDL-macUI.app */ = {isa = PBXFileReference; explicitFileType = wrapper.application; includeInIndex = 0; path = "SwiftSDL-macUI.app"; sourceTree = BUILT_PRODUCTS_DIR; };
		0A60ED012CD4519400E129BA /* App.swift */ = {isa = PBXFileReference; lastKnownFileType = sourcecode.swift; path = App.swift; sourceTree = "<group>"; };
		0A60ED022CD4519400E129BA /* Game.swift */ = {isa = PBXFileReference; lastKnownFileType = sourcecode.swift; path = Game.swift; sourceTree = "<group>"; };
		0A60ED032CD4519400E129BA /* View.swift */ = {isa = PBXFileReference; lastKnownFileType = sourcecode.swift; path = View.swift; sourceTree = "<group>"; };
		0A60ED052CD4519400E129BA /* AudioDevices.swift */ = {isa = PBXFileReference; lastKnownFileType = sourcecode.swift; path = AudioDevices.swift; sourceTree = "<group>"; };
		0A60ED072CD4519400E129BA /* Error.swift */ = {isa = PBXFileReference; lastKnownFileType = sourcecode.swift; path = Error.swift; sourceTree = "<group>"; };
		0A60ED082CD4519400E129BA /* Pointer.swift */ = {isa = PBXFileReference; lastKnownFileType = sourcecode.swift; path = Pointer.swift; sourceTree = "<group>"; };
		0A60ED092CD4519400E129BA /* Properties.swift */ = {isa = PBXFileReference; lastKnownFileType = sourcecode.swift; path = Properties.swift; sourceTree = "<group>"; };
		0A60ED0A2CD4519400E129BA /* SDLInit.swift */ = {isa = PBXFileReference; lastKnownFileType = sourcecode.swift; path = SDLInit.swift; sourceTree = "<group>"; };
		0A60ED0B2CD4519400E129BA /* Version.swift */ = {isa = PBXFileReference; lastKnownFileType = sourcecode.swift; path = Version.swift; sourceTree = "<group>"; };
		0A60ED0D2CD4519400E129BA /* Events.swift */ = {isa = PBXFileReference; lastKnownFileType = sourcecode.swift; path = Events.swift; sourceTree = "<group>"; };
		0A60ED0F2CD4519400E129BA /* IMGInit.swift */ = {isa = PBXFileReference; lastKnownFileType = sourcecode.swift; path = IMGInit.swift; sourceTree = "<group>"; };
		0A60ED112CD4519400E129BA /* Gamepads.swift */ = {isa = PBXFileReference; lastKnownFileType = sourcecode.swift; path = Gamepads.swift; sourceTree = "<group>"; };
		0A60ED122CD4519400E129BA /* Joysticks.swift */ = {isa = PBXFileReference; lastKnownFileType = sourcecode.swift; path = Joysticks.swift; sourceTree = "<group>"; };
		0A60ED132CD4519400E129BA /* Sensor.swift */ = {isa = PBXFileReference; lastKnownFileType = sourcecode.swift; path = Sensor.swift; sourceTree = "<group>"; };
		0A60ED152CD4519400E129BA /* FileIO.swift */ = {isa = PBXFileReference; lastKnownFileType = sourcecode.swift; path = FileIO.swift; sourceTree = "<group>"; };
		0A60ED162CD4519400E129BA /* FlipMode.swift */ = {isa = PBXFileReference; lastKnownFileType = sourcecode.swift; path = FlipMode.swift; sourceTree = "<group>"; };
		0A60ED172CD4519400E129BA /* Geometry.swift */ = {isa = PBXFileReference; lastKnownFileType = sourcecode.swift; path = Geometry.swift; sourceTree = "<group>"; };
		0A60ED182CD4519400E129BA /* MessageBox.swift */ = {isa = PBXFileReference; lastKnownFileType = sourcecode.swift; path = MessageBox.swift; sourceTree = "<group>"; };
		0A60ED1A2CD4519400E129BA /* Renderer.swift */ = {isa = PBXFileReference; lastKnownFileType = sourcecode.swift; path = Renderer.swift; sourceTree = "<group>"; };
		0A60ED1B2CD4519400E129BA /* Texture.swift */ = {isa = PBXFileReference; lastKnownFileType = sourcecode.swift; path = Texture.swift; sourceTree = "<group>"; };
		0A60ED1D2CD4519400E129BA /* BaseScene.swift */ = {isa = PBXFileReference; lastKnownFileType = sourcecode.swift; path = BaseScene.swift; sourceTree = "<group>"; };
		0A60ED1E2CD4519400E129BA /* SceneAction.swift */ = {isa = PBXFileReference; lastKnownFileType = sourcecode.swift; path = SceneAction.swift; sourceTree = "<group>"; };
		0A60ED1F2CD4519400E129BA /* SceneNode.swift */ = {isa = PBXFileReference; lastKnownFileType = sourcecode.swift; path = SceneNode.swift; sourceTree = "<group>"; };
		0A60ED202CD4519400E129BA /* SpriteNode.swift */ = {isa = PBXFileReference; lastKnownFileType = sourcecode.swift; path = SpriteNode.swift; sourceTree = "<group>"; };
		0A60ED232CD4519400E129BA /* BlendMode.swift */ = {isa = PBXFileReference; lastKnownFileType = sourcecode.swift; path = BlendMode.swift; sourceTree = "<group>"; };
		0A60ED242CD4519400E129BA /* Surface.swift */ = {isa = PBXFileReference; lastKnownFileType = sourcecode.swift; path = Surface.swift; sourceTree = "<group>"; };
		0A60ED262CD4519400E129BA /* Cameras.swift */ = {isa = PBXFileReference; lastKnownFileType = sourcecode.swift; path = Cameras.swift; sourceTree = "<group>"; };
		0A60ED272CD4519400E129BA /* Color.swift */ = {isa = PBXFileReference; lastKnownFileType = sourcecode.swift; path = Color.swift; sourceTree = "<group>"; };
		0A60ED282CD4519400E129BA /* Window.swift */ = {isa = PBXFileReference; lastKnownFileType = sourcecode.swift; path = Window.swift; sourceTree = "<group>"; };
		0A60ED2A2CD4519400E129BA /* _Exported.swift */ = {isa = PBXFileReference; lastKnownFileType = sourcecode.swift; path = _Exported.swift; sourceTree = "<group>"; };
		0ADEFDD72CD4548700B32AAA /* SDL3.framework */ = {isa = PBXFileReference; lastKnownFileType = wrapper.framework; path = SDL3.framework; sourceTree = "<group>"; };
/* End PBXFileReference section */

/* Begin PBXFileSystemSynchronizedRootGroup section */
		0A60ECF12CD4514D00E129BA /* SwiftSDL-macUI */ = {
			isa = PBXFileSystemSynchronizedRootGroup;
			path = "SwiftSDL-macUI";
			sourceTree = "<group>";
		};
/* End PBXFileSystemSynchronizedRootGroup section */

/* Begin PBXFrameworksBuildPhase section */
		0A60ECEC2CD4514D00E129BA /* Frameworks */ = {
			isa = PBXFrameworksBuildPhase;
			buildActionMask = 2147483647;
			files = (
				0ADEFDDF2CD4555000B32AAA /* Collections in Frameworks */,
				0ADEFDE02CD4572000B32AAA /* SDL3.framework in Frameworks */,
				0ADEFDDC2CD4553A00B32AAA /* ArgumentParser in Frameworks */,
			);
			runOnlyForDeploymentPostprocessing = 0;
		};
/* End PBXFrameworksBuildPhase section */

/* Begin PBXGroup section */
		0A60ECE62CD4514D00E129BA = {
			isa = PBXGroup;
			children = (
				0A60ED2B2CD4519400E129BA /* SwiftSDL */,
				0A60ECF12CD4514D00E129BA /* SwiftSDL-macUI */,
				0A60ECF02CD4514D00E129BA /* Products */,
				0ADEFDD72CD4548700B32AAA /* SDL3.framework */,
			);
			sourceTree = "<group>";
		};
		0A60ECF02CD4514D00E129BA /* Products */ = {
			isa = PBXGroup;
			children = (
				0A60ECEF2CD4514D00E129BA /* SwiftSDL-macUI.app */,
			);
			name = Products;
			sourceTree = "<group>";
		};
		0A60ED042CD4519400E129BA /* App */ = {
			isa = PBXGroup;
			children = (
				0A60ED012CD4519400E129BA /* App.swift */,
				0A60ED022CD4519400E129BA /* Game.swift */,
				0A60ED032CD4519400E129BA /* View.swift */,
			);
			path = App;
			sourceTree = "<group>";
		};
		0A60ED062CD4519400E129BA /* Audio */ = {
			isa = PBXGroup;
			children = (
				0A60ED052CD4519400E129BA /* AudioDevices.swift */,
			);
			path = Audio;
			sourceTree = "<group>";
		};
		0A60ED0C2CD4519400E129BA /* Basics */ = {
			isa = PBXGroup;
			children = (
				0A60ED072CD4519400E129BA /* Error.swift */,
				0A60ED082CD4519400E129BA /* Pointer.swift */,
				0A60ED092CD4519400E129BA /* Properties.swift */,
				0A60ED0A2CD4519400E129BA /* SDLInit.swift */,
				0A60ED0B2CD4519400E129BA /* Version.swift */,
			);
			path = Basics;
			sourceTree = "<group>";
		};
		0A60ED0E2CD4519400E129BA /* Events */ = {
			isa = PBXGroup;
			children = (
				0A60ED0D2CD4519400E129BA /* Events.swift */,
			);
			path = Events;
			sourceTree = "<group>";
		};
		0A60ED102CD4519400E129BA /* Image */ = {
			isa = PBXGroup;
			children = (
				0A60ED0F2CD4519400E129BA /* IMGInit.swift */,
			);
			path = Image;
			sourceTree = "<group>";
		};
		0A60ED142CD4519400E129BA /* Input */ = {
			isa = PBXGroup;
			children = (
				0A60ED112CD4519400E129BA /* Gamepads.swift */,
				0A60ED122CD4519400E129BA /* Joysticks.swift */,
				0A60ED132CD4519400E129BA /* Sensor.swift */,
			);
			path = Input;
			sourceTree = "<group>";
		};
		0A60ED192CD4519400E129BA /* Misc */ = {
			isa = PBXGroup;
			children = (
				0A60ED152CD4519400E129BA /* FileIO.swift */,
				0A60ED162CD4519400E129BA /* FlipMode.swift */,
				0A60ED172CD4519400E129BA /* Geometry.swift */,
				0A60ED182CD4519400E129BA /* MessageBox.swift */,
			);
			path = Misc;
			sourceTree = "<group>";
		};
		0A60ED1C2CD4519400E129BA /* Rendering */ = {
			isa = PBXGroup;
			children = (
				0A60ED1A2CD4519400E129BA /* Renderer.swift */,
				0A60ED1B2CD4519400E129BA /* Texture.swift */,
			);
			path = Rendering;
			sourceTree = "<group>";
		};
		0A60ED212CD4519400E129BA /* Scene */ = {
			isa = PBXGroup;
			children = (
				0A60ED1D2CD4519400E129BA /* BaseScene.swift */,
				0A60ED1E2CD4519400E129BA /* SceneAction.swift */,
				0A60ED1F2CD4519400E129BA /* SceneNode.swift */,
				0A60ED202CD4519400E129BA /* SpriteNode.swift */,
			);
			path = Scene;
			sourceTree = "<group>";
		};
		0A60ED222CD4519400E129BA /* ScenePrefabs */ = {
			isa = PBXGroup;
			children = (
			);
			path = ScenePrefabs;
			sourceTree = "<group>";
		};
		0A60ED252CD4519400E129BA /* Surfaces */ = {
			isa = PBXGroup;
			children = (
				0A60ED232CD4519400E129BA /* BlendMode.swift */,
				0A60ED242CD4519400E129BA /* Surface.swift */,
			);
			path = Surfaces;
			sourceTree = "<group>";
		};
		0A60ED292CD4519400E129BA /* Video */ = {
			isa = PBXGroup;
			children = (
				0A60ED262CD4519400E129BA /* Cameras.swift */,
				0A60ED272CD4519400E129BA /* Color.swift */,
				0A60ED282CD4519400E129BA /* Window.swift */,
			);
			path = Video;
			sourceTree = "<group>";
		};
		0A60ED2B2CD4519400E129BA /* SwiftSDL */ = {
			isa = PBXGroup;
			children = (
				0A60ED042CD4519400E129BA /* App */,
				0A60ED062CD4519400E129BA /* Audio */,
				0A60ED0C2CD4519400E129BA /* Basics */,
				0A60ED0E2CD4519400E129BA /* Events */,
				0A60ED102CD4519400E129BA /* Image */,
				0A60ED142CD4519400E129BA /* Input */,
				0A60ED192CD4519400E129BA /* Misc */,
				0A60ED1C2CD4519400E129BA /* Rendering */,
				0A60ED212CD4519400E129BA /* Scene */,
				0A60ED222CD4519400E129BA /* ScenePrefabs */,
				0A60ED252CD4519400E129BA /* Surfaces */,
				0A60ED292CD4519400E129BA /* Video */,
				0A60ED2A2CD4519400E129BA /* _Exported.swift */,
			);
			name = SwiftSDL;
			path = "/Users/kevin/Developer/Apple/GitHub Code/SwiftSDL/Sources/SwiftSDL";
			sourceTree = "<absolute>";
		};
/* End PBXGroup section */

/* Begin PBXNativeTarget section */
		0A60ECEE2CD4514D00E129BA /* SwiftSDL-macUI */ = {
			isa = PBXNativeTarget;
			buildConfigurationList = 0A60ECFE2CD4514E00E129BA /* Build configuration list for PBXNativeTarget "SwiftSDL-macUI" */;
			buildPhases = (
				0A60ECEB2CD4514D00E129BA /* Sources */,
				0A60ECEC2CD4514D00E129BA /* Frameworks */,
				0A60ECED2CD4514D00E129BA /* Resources */,
				0ADEFDE22CD4572000B32AAA /* Embed Frameworks */,
			);
			buildRules = (
			);
			dependencies = (
			);
			fileSystemSynchronizedGroups = (
				0A60ECF12CD4514D00E129BA /* SwiftSDL-macUI */,
			);
			name = "SwiftSDL-macUI";
			packageProductDependencies = (
				0ADEFDDB2CD4553A00B32AAA /* ArgumentParser */,
				0ADEFDDE2CD4555000B32AAA /* Collections */,
			);
			productName = "SwiftSDL-macUI";
			productReference = 0A60ECEF2CD4514D00E129BA /* SwiftSDL-macUI.app */;
			productType = "com.apple.product-type.application";
		};
/* End PBXNativeTarget section */

/* Begin PBXProject section */
		0A60ECE72CD4514D00E129BA /* Project object */ = {
			isa = PBXProject;
			attributes = {
				BuildIndependentTargetsInParallel = 1;
				LastSwiftUpdateCheck = 1610;
				LastUpgradeCheck = 1610;
				TargetAttributes = {
					0A60ECEE2CD4514D00E129BA = {
						CreatedOnToolsVersion = 16.1;
					};
				};
			};
			buildConfigurationList = 0A60ECEA2CD4514D00E129BA /* Build configuration list for PBXProject "SwiftSDL-macUI" */;
			developmentRegion = en;
			hasScannedForEncodings = 0;
			knownRegions = (
				en,
				Base,
			);
			mainGroup = 0A60ECE62CD4514D00E129BA;
			minimizedProjectReferenceProxies = 1;
			packageReferences = (
				0ADEFDDA2CD4553A00B32AAA /* XCRemoteSwiftPackageReference "swift-argument-parser" */,
				0ADEFDDD2CD4555000B32AAA /* XCRemoteSwiftPackageReference "swift-collections" */,
			);
			preferredProjectObjectVersion = 77;
			productRefGroup = 0A60ECF02CD4514D00E129BA /* Products */;
			projectDirPath = "";
			projectRoot = "";
			targets = (
				0A60ECEE2CD4514D00E129BA /* SwiftSDL-macUI */,
			);
		};
/* End PBXProject section */

/* Begin PBXResourcesBuildPhase section */
		0A60ECED2CD4514D00E129BA /* Resources */ = {
			isa = PBXResourcesBuildPhase;
			buildActionMask = 2147483647;
			files = (
			);
			runOnlyForDeploymentPostprocessing = 0;
		};
/* End PBXResourcesBuildPhase section */

/* Begin PBXSourcesBuildPhase section */
		0A60ECEB2CD4514D00E129BA /* Sources */ = {
			isa = PBXSourcesBuildPhase;
			buildActionMask = 2147483647;
			files = (
				0A60ED2C2CD4519400E129BA /* Window.swift in Sources */,
				0A60ED2D2CD4519400E129BA /* Joysticks.swift in Sources */,
				0A60ED2E2CD4519400E129BA /* Texture.swift in Sources */,
				0A60ED2F2CD4519400E129BA /* FileIO.swift in Sources */,
				0A60ED302CD4519400E129BA /* App.swift in Sources */,
				0A60ED312CD4519400E129BA /* View.swift in Sources */,
				0A60ED322CD4519400E129BA /* Pointer.swift in Sources */,
				0A60ED332CD4519400E129BA /* SceneAction.swift in Sources */,
				0A60ED342CD4519400E129BA /* SDLInit.swift in Sources */,
				0A60ED352CD4519400E129BA /* Gamepads.swift in Sources */,
				0A60ED362CD4519400E129BA /* FlipMode.swift in Sources */,
				0A60ED372CD4519400E129BA /* _Exported.swift in Sources */,
				0A60ED382CD4519400E129BA /* Game.swift in Sources */,
				0A60ED392CD4519400E129BA /* BaseScene.swift in Sources */,
				0A60ED3A2CD4519400E129BA /* Properties.swift in Sources */,
				0A60ED3B2CD4519400E129BA /* IMGInit.swift in Sources */,
				0A60ED3C2CD4519400E129BA /* Sensor.swift in Sources */,
				0A60ED3D2CD4519400E129BA /* Surface.swift in Sources */,
				0A60ED3E2CD4519400E129BA /* Error.swift in Sources */,
				0A60ED3F2CD4519400E129BA /* Events.swift in Sources */,
				0A60ED402CD4519400E129BA /* Version.swift in Sources */,
				0A60ED412CD4519400E129BA /* Renderer.swift in Sources */,
				0A60ED422CD4519400E129BA /* SpriteNode.swift in Sources */,
				0A60ED432CD4519400E129BA /* MessageBox.swift in Sources */,
				0A60ED442CD4519400E129BA /* BlendMode.swift in Sources */,
				0A60ED452CD4519400E129BA /* Cameras.swift in Sources */,
				0A60ED462CD4519400E129BA /* AudioDevices.swift in Sources */,
				0A60ED472CD4519400E129BA /* Color.swift in Sources */,
				0A60ED482CD4519400E129BA /* Geometry.swift in Sources */,
				0A60ED492CD4519400E129BA /* SceneNode.swift in Sources */,
			);
			runOnlyForDeploymentPostprocessing = 0;
		};
/* End PBXSourcesBuildPhase section */

/* Begin XCBuildConfiguration section */
		0A60ECFC2CD4514E00E129BA /* Debug */ = {
			isa = XCBuildConfiguration;
			buildSettings = {
				ALWAYS_SEARCH_USER_PATHS = NO;
				ASSETCATALOG_COMPILER_GENERATE_SWIFT_ASSET_SYMBOL_EXTENSIONS = YES;
				CLANG_ANALYZER_NONNULL = YES;
				CLANG_ANALYZER_NUMBER_OBJECT_CONVERSION = YES_AGGRESSIVE;
				CLANG_CXX_LANGUAGE_STANDARD = "gnu++20";
				CLANG_ENABLE_MODULES = YES;
				CLANG_ENABLE_OBJC_ARC = YES;
				CLANG_ENABLE_OBJC_WEAK = YES;
				CLANG_WARN_BLOCK_CAPTURE_AUTORELEASING = YES;
				CLANG_WARN_BOOL_CONVERSION = YES;
				CLANG_WARN_COMMA = YES;
				CLANG_WARN_CONSTANT_CONVERSION = YES;
				CLANG_WARN_DEPRECATED_OBJC_IMPLEMENTATIONS = YES;
				CLANG_WARN_DIRECT_OBJC_ISA_USAGE = YES_ERROR;
				CLANG_WARN_DOCUMENTATION_COMMENTS = YES;
				CLANG_WARN_EMPTY_BODY = YES;
				CLANG_WARN_ENUM_CONVERSION = YES;
				CLANG_WARN_INFINITE_RECURSION = YES;
				CLANG_WARN_INT_CONVERSION = YES;
				CLANG_WARN_NON_LITERAL_NULL_CONVERSION = YES;
				CLANG_WARN_OBJC_IMPLICIT_RETAIN_SELF = YES;
				CLANG_WARN_OBJC_LITERAL_CONVERSION = YES;
				CLANG_WARN_OBJC_ROOT_CLASS = YES_ERROR;
				CLANG_WARN_QUOTED_INCLUDE_IN_FRAMEWORK_HEADER = YES;
				CLANG_WARN_RANGE_LOOP_ANALYSIS = YES;
				CLANG_WARN_STRICT_PROTOTYPES = YES;
				CLANG_WARN_SUSPICIOUS_MOVE = YES;
				CLANG_WARN_UNGUARDED_AVAILABILITY = YES_AGGRESSIVE;
				CLANG_WARN_UNREACHABLE_CODE = YES;
				CLANG_WARN__DUPLICATE_METHOD_MATCH = YES;
				COPY_PHASE_STRIP = NO;
				DEBUG_INFORMATION_FORMAT = dwarf;
				ENABLE_STRICT_OBJC_MSGSEND = YES;
				ENABLE_TESTABILITY = YES;
				ENABLE_USER_SCRIPT_SANDBOXING = YES;
				GCC_C_LANGUAGE_STANDARD = gnu17;
				GCC_DYNAMIC_NO_PIC = NO;
				GCC_NO_COMMON_BLOCKS = YES;
				GCC_OPTIMIZATION_LEVEL = 0;
				GCC_PREPROCESSOR_DEFINITIONS = (
					"DEBUG=1",
					"$(inherited)",
				);
				GCC_WARN_64_TO_32_BIT_CONVERSION = YES;
				GCC_WARN_ABOUT_RETURN_TYPE = YES_ERROR;
				GCC_WARN_UNDECLARED_SELECTOR = YES;
				GCC_WARN_UNINITIALIZED_AUTOS = YES_AGGRESSIVE;
				GCC_WARN_UNUSED_FUNCTION = YES;
				GCC_WARN_UNUSED_VARIABLE = YES;
				LOCALIZATION_PREFERS_STRING_CATALOGS = YES;
				MACOSX_DEPLOYMENT_TARGET = 15.1;
				MTL_ENABLE_DEBUG_INFO = INCLUDE_SOURCE;
				MTL_FAST_MATH = YES;
				ONLY_ACTIVE_ARCH = YES;
				SDKROOT = macosx;
				SWIFT_ACTIVE_COMPILATION_CONDITIONS = "DEBUG $(inherited)";
				SWIFT_OPTIMIZATION_LEVEL = "-Onone";
			};
			name = Debug;
		};
		0A60ECFD2CD4514E00E129BA /* Release */ = {
			isa = XCBuildConfiguration;
			buildSettings = {
				ALWAYS_SEARCH_USER_PATHS = NO;
				ASSETCATALOG_COMPILER_GENERATE_SWIFT_ASSET_SYMBOL_EXTENSIONS = YES;
				CLANG_ANALYZER_NONNULL = YES;
				CLANG_ANALYZER_NUMBER_OBJECT_CONVERSION = YES_AGGRESSIVE;
				CLANG_CXX_LANGUAGE_STANDARD = "gnu++20";
				CLANG_ENABLE_MODULES = YES;
				CLANG_ENABLE_OBJC_ARC = YES;
				CLANG_ENABLE_OBJC_WEAK = YES;
				CLANG_WARN_BLOCK_CAPTURE_AUTORELEASING = YES;
				CLANG_WARN_BOOL_CONVERSION = YES;
				CLANG_WARN_COMMA = YES;
				CLANG_WARN_CONSTANT_CONVERSION = YES;
				CLANG_WARN_DEPRECATED_OBJC_IMPLEMENTATIONS = YES;
				CLANG_WARN_DIRECT_OBJC_ISA_USAGE = YES_ERROR;
				CLANG_WARN_DOCUMENTATION_COMMENTS = YES;
				CLANG_WARN_EMPTY_BODY = YES;
				CLANG_WARN_ENUM_CONVERSION = YES;
				CLANG_WARN_INFINITE_RECURSION = YES;
				CLANG_WARN_INT_CONVERSION = YES;
				CLANG_WARN_NON_LITERAL_NULL_CONVERSION = YES;
				CLANG_WARN_OBJC_IMPLICIT_RETAIN_SELF = YES;
				CLANG_WARN_OBJC_LITERAL_CONVERSION = YES;
				CLANG_WARN_OBJC_ROOT_CLASS = YES_ERROR;
				CLANG_WARN_QUOTED_INCLUDE_IN_FRAMEWORK_HEADER = YES;
				CLANG_WARN_RANGE_LOOP_ANALYSIS = YES;
				CLANG_WARN_STRICT_PROTOTYPES = YES;
				CLANG_WARN_SUSPICIOUS_MOVE = YES;
				CLANG_WARN_UNGUARDED_AVAILABILITY = YES_AGGRESSIVE;
				CLANG_WARN_UNREACHABLE_CODE = YES;
				CLANG_WARN__DUPLICATE_METHOD_MATCH = YES;
				COPY_PHASE_STRIP = NO;
				DEBUG_INFORMATION_FORMAT = "dwarf-with-dsym";
				ENABLE_NS_ASSERTIONS = NO;
				ENABLE_STRICT_OBJC_MSGSEND = YES;
				ENABLE_USER_SCRIPT_SANDBOXING = YES;
				GCC_C_LANGUAGE_STANDARD = gnu17;
				GCC_NO_COMMON_BLOCKS = YES;
				GCC_WARN_64_TO_32_BIT_CONVERSION = YES;
				GCC_WARN_ABOUT_RETURN_TYPE = YES_ERROR;
				GCC_WARN_UNDECLARED_SELECTOR = YES;
				GCC_WARN_UNINITIALIZED_AUTOS = YES_AGGRESSIVE;
				GCC_WARN_UNUSED_FUNCTION = YES;
				GCC_WARN_UNUSED_VARIABLE = YES;
				LOCALIZATION_PREFERS_STRING_CATALOGS = YES;
				MACOSX_DEPLOYMENT_TARGET = 15.1;
				MTL_ENABLE_DEBUG_INFO = NO;
				MTL_FAST_MATH = YES;
				SDKROOT = macosx;
				SWIFT_COMPILATION_MODE = wholemodule;
			};
			name = Release;
		};
		0A60ECFF2CD4514E00E129BA /* Debug */ = {
			isa = XCBuildConfiguration;
			buildSettings = {
				ASSETCATALOG_COMPILER_APPICON_NAME = AppIcon;
				ASSETCATALOG_COMPILER_GLOBAL_ACCENT_COLOR_NAME = AccentColor;
				CODE_SIGN_ENTITLEMENTS = "SwiftSDL-macUI/SwiftSDL_macUI.entitlements";
				CODE_SIGN_STYLE = Automatic;
				COMBINE_HIDPI_IMAGES = YES;
				CURRENT_PROJECT_VERSION = 1;
				DEVELOPMENT_ASSET_PATHS = "\"SwiftSDL-macUI/Preview Content\"";
				DEVELOPMENT_TEAM = J3L2NJGMGJ;
				ENABLE_HARDENED_RUNTIME = YES;
				ENABLE_PREVIEWS = YES;
				FRAMEWORK_SEARCH_PATHS = (
					"$(inherited)",
					"$(PROJECT_DIR)",
				);
				GENERATE_INFOPLIST_FILE = YES;
				INFOPLIST_KEY_NSHumanReadableCopyright = "";
				LD_RUNPATH_SEARCH_PATHS = (
					"$(inherited)",
					"@executable_path/../Frameworks",
				);
				MARKETING_VERSION = 1.0;
				PRODUCT_BUNDLE_IDENTIFIER = "com.kevinvitale.SwiftSDL-macUI";
				PRODUCT_NAME = "$(TARGET_NAME)";
				SWIFT_EMIT_LOC_STRINGS = YES;
				SWIFT_OBJC_BRIDGING_HEADER = "SwiftSDL-macUI/SwiftSDL-macUI-Bridging-Header.h";
				SWIFT_VERSION = 5.0;
			};
			name = Debug;
		};
		0A60ED002CD4514E00E129BA /* Release */ = {
			isa = XCBuildConfiguration;
			buildSettings = {
				ASSETCATALOG_COMPILER_APPICON_NAME = AppIcon;
				ASSETCATALOG_COMPILER_GLOBAL_ACCENT_COLOR_NAME = AccentColor;
				CODE_SIGN_ENTITLEMENTS = "SwiftSDL-macUI/SwiftSDL_macUI.entitlements";
				CODE_SIGN_STYLE = Automatic;
				COMBINE_HIDPI_IMAGES = YES;
				CURRENT_PROJECT_VERSION = 1;
				DEVELOPMENT_ASSET_PATHS = "\"SwiftSDL-macUI/Preview Content\"";
				DEVELOPMENT_TEAM = J3L2NJGMGJ;
				ENABLE_HARDENED_RUNTIME = YES;
				ENABLE_PREVIEWS = YES;
				FRAMEWORK_SEARCH_PATHS = (
					"$(inherited)",
					"$(PROJECT_DIR)",
				);
				GENERATE_INFOPLIST_FILE = YES;
				INFOPLIST_KEY_NSHumanReadableCopyright = "";
				LD_RUNPATH_SEARCH_PATHS = (
					"$(inherited)",
					"@executable_path/../Frameworks",
				);
				MARKETING_VERSION = 1.0;
				PRODUCT_BUNDLE_IDENTIFIER = "com.kevinvitale.SwiftSDL-macUI";
				PRODUCT_NAME = "$(TARGET_NAME)";
				SWIFT_EMIT_LOC_STRINGS = YES;
				SWIFT_OBJC_BRIDGING_HEADER = "SwiftSDL-macUI/SwiftSDL-macUI-Bridging-Header.h";
				SWIFT_VERSION = 5.0;
			};
			name = Release;
		};
/* End XCBuildConfiguration section */

/* Begin XCConfigurationList section */
		0A60ECEA2CD4514D00E129BA /* Build configuration list for PBXProject "SwiftSDL-macUI" */ = {
			isa = XCConfigurationList;
			buildConfigurations = (
				0A60ECFC2CD4514E00E129BA /* Debug */,
				0A60ECFD2CD4514E00E129BA /* Release */,
			);
			defaultConfigurationIsVisible = 0;
			defaultConfigurationName = Release;
		};
		0A60ECFE2CD4514E00E129BA /* Build configuration list for PBXNativeTarget "SwiftSDL-macUI" */ = {
			isa = XCConfigurationList;
			buildConfigurations = (
				0A60ECFF2CD4514E00E129BA /* Debug */,
				0A60ED002CD4514E00E129BA /* Release */,
			);
			defaultConfigurationIsVisible = 0;
			defaultConfigurationName = Release;
		};
/* End XCConfigurationList section */

/* Begin XCRemoteSwiftPackageReference section */
		0ADEFDDA2CD4553A00B32AAA /* XCRemoteSwiftPackageReference "swift-argument-parser" */ = {
			isa = XCRemoteSwiftPackageReference;
			repositoryURL = "https://github.com/apple/swift-argument-parser.git";
			requirement = {
				kind = upToNextMajorVersion;
				minimumVersion = 1.5.0;
			};
		};
		0ADEFDDD2CD4555000B32AAA /* XCRemoteSwiftPackageReference "swift-collections" */ = {
			isa = XCRemoteSwiftPackageReference;
			repositoryURL = "https://github.com/apple/swift-collections.git";
			requirement = {
				kind = upToNextMajorVersion;
				minimumVersion = 1.1.4;
			};
		};
/* End XCRemoteSwiftPackageReference section */

/* Begin XCSwiftPackageProductDependency section */
		0ADEFDDB2CD4553A00B32AAA /* ArgumentParser */ = {
			isa = XCSwiftPackageProductDependency;
			package = 0ADEFDDA2CD4553A00B32AAA /* XCRemoteSwiftPackageReference "swift-argument-parser" */;
			productName = ArgumentParser;
		};
		0ADEFDDE2CD4555000B32AAA /* Collections */ = {
			isa = XCSwiftPackageProductDependency;
			package = 0ADEFDDD2CD4555000B32AAA /* XCRemoteSwiftPackageReference "swift-collections" */;
			productName = Collections;
		};
/* End XCSwiftPackageProductDependency section */
	};
	rootObject = 0A60ECE72CD4514D00E129BA /* Project object */;
}
